<?xml version="1.0" encoding="utf-8"?>
<Project ToolsVersion="4.0" xmlns="http://schemas.microsoft.com/developer/msbuild/2003">
  <ItemGroup>
    <ClCompile Include="..\..\src\input.cpp" />
    <ClCompile Include="..\..\src\main.cpp" />
    <ClCompile Include="..\..\src\precompiled.cpp" />
    <ClCompile Include="..\..\src\renderer.cpp" />
    <ClCompile Include="..\..\src\character_state_machine.cpp" />
    <ClCompile Include="..\..\src\material_manager.cpp" />
    <ClCompile Include="..\..\src\character.cpp" />
    <ClCompile Include="..\..\src\game_state.cpp" />
    <ClCompile Include="..\..\src\sdl_controller.cpp" />
  </ItemGroup>
  <ItemGroup>
    <ClInclude Include="..\..\src\glplatform.h" />
    <ClInclude Include="..\..\src\input.h" />
    <ClInclude Include="..\..\src\precompiled.h" />
    <ClInclude Include="..\..\src\renderer.h" />
    <ClInclude Include="..\..\src\character_state_machine.h" />
    <ClInclude Include="..\..\build\splat\generated\character_state_machine_def_generated.h">
      <Filter>generated</Filter>
    </ClInclude>
    <ClInclude Include="..\..\build\splat\generated\timeline_generated.h">
      <Filter>generated</Filter>
    </ClInclude>
    <ClInclude Include="..\..\build\splat\include\materials_generated.h">
      <Filter>generated</Filter>
    </ClInclude>
    <ClInclude Include="..\..\src\common.h" />
  </ItemGroup>
  <ItemGroup>
    <Filter Include="shaders">
      <UniqueIdentifier>{3f563d6c-52c6-420b-be8d-4ca25baa63a6}</UniqueIdentifier>
    </Filter>
    <Filter Include="flatbufferschemas">
      <UniqueIdentifier>{3d4c108b-0ac2-45af-bde2-ccd6e2e125b0}</UniqueIdentifier>
    </Filter>
    <Filter Include="generated">
      <UniqueIdentifier>{7b6e835f-dc67-48e9-a6a3-0f71a7ec17c9}</UniqueIdentifier>
    </Filter>
  </ItemGroup>
  <ItemGroup>
    <None Include="..\..\assets\shaders\color.glslv">
      <Filter>shaders</Filter>
    </None>
    <None Include="..\..\assets\shaders\color.glslf">
      <Filter>shaders</Filter>
    </None>
    <None Include="..\..\assets\shaders\textured.glslf">
      <Filter>shaders</Filter>
    </None>
    <None Include="..\..\assets\shaders\textured.glslv">
      <Filter>shaders</Filter>
    </None>
  </ItemGroup>
  <ItemGroup>
    <CustomBuild Include="..\..\src\flatbufferschemas\timeline.fbs">
      <Filter>flatbufferschemas</Filter>
    </CustomBuild>
    <CustomBuild Include="..\..\src\flatbufferschemas\character_state_machine_def.fbs">
      <Filter>flatbufferschemas</Filter>
    </CustomBuild>
    <CustomBuild Include="..\..\src\flatbufferschemas\materials.fbs">
      <Filter>flatbufferschemas</Filter>
    </CustomBuild>
  </ItemGroup>
</Project>